
Microsoft Visual Studio Solution File, Format Version 12.00
# Visual Studio 15
VisualStudioVersion = 15.0.27004.2010
MinimumVisualStudioVersion = 10.0.40219.1
Project("{FAE04EC0-301F-11D3-BF4B-00C04F79EFBC}") = "CrmPortal", "CrmPortal\CrmPortal.csproj", "{31449846-B9B7-430B-8F1F-548761481D4A}"
EndProject
Project("{FAE04EC0-301F-11D3-BF4B-00C04F79EFBC}") = "CrmPortal.Tests", "CrmPortal.Tests\CrmPortal.Tests.csproj", "{1482656C-87F6-4D81-92EE-24B73004ABC9}"
EndProject
Project("{FAE04EC0-301F-11D3-BF4B-00C04F79EFBC}") = "CrmStore", "CrmStore\CrmStore.csproj", "{2156DE93-88AD-46D3-BD4F-5426A04A17D8}"
EndProject
Project("{2150E333-8FDC-42A3-9474-1A3956D46DE8}") = "CrmSolution", "CrmSolution", "{56C1DDC8-7020-481B-98E8-D5E09AAA7A2E}"
EndProject
Global
	GlobalSection(SolutionConfigurationPlatforms) = preSolution
		Debug|Any CPU = Debug|Any CPU
		Release|Any CPU = Release|Any CPU
	EndGlobalSection
	GlobalSection(ProjectConfigurationPlatforms) = postSolution
		{31449846-B9B7-430B-8F1F-548761481D4A}.Debug|Any CPU.ActiveCfg = Debug|Any CPU
		{31449846-B9B7-430B-8F1F-548761481D4A}.Debug|Any CPU.Build.0 = Debug|Any CPU
		{31449846-B9B7-430B-8F1F-548761481D4A}.Release|Any CPU.ActiveCfg = Release|Any CPU
		{31449846-B9B7-430B-8F1F-548761481D4A}.Release|Any CPU.Build.0 = Release|Any CPU
		{1482656C-87F6-4D81-92EE-24B73004ABC9}.Debug|Any CPU.ActiveCfg = Debug|Any CPU
		{1482656C-87F6-4D81-92EE-24B73004ABC9}.Debug|Any CPU.Build.0 = Debug|Any CPU
		{1482656C-87F6-4D81-92EE-24B73004ABC9}.Release|Any CPU.ActiveCfg = Release|Any CPU
		{1482656C-87F6-4D81-92EE-24B73004ABC9}.Release|Any CPU.Build.0 = Release|Any CPU
		{2156DE93-88AD-46D3-BD4F-5426A04A17D8}.Debug|Any CPU.ActiveCfg = Debug|Any CPU
		{2156DE93-88AD-46D3-BD4F-5426A04A17D8}.Debug|Any CPU.Build.0 = Debug|Any CPU
		{2156DE93-88AD-46D3-BD4F-5426A04A17D8}.Release|Any CPU.ActiveCfg = Release|Any CPU
		{2156DE93-88AD-46D3-BD4F-5426A04A17D8}.Release|Any CPU.Build.0 = Release|Any CPU
	EndGlobalSection
	GlobalSection(SolutionProperties) = preSolution
		HideSolutionNode = FALSE
	EndGlobalSection
	GlobalSection(ExtensibilityGlobals) = postSolution
		SolutionGuid = {4AA207EE-3081-4143-A41B-FDFAD1E0F5CE}
	EndGlobalSection
EndGlobal
